
Microsoft Visual Studio Solution File, Format Version 12.00
# Visual Studio 15
VisualStudioVersion = 15.0.27004.2009
MinimumVisualStudioVersion = 10.0.40219.1
Project("{FAE04EC0-301F-11D3-BF4B-00C04F79EFBC}") = "Practica Final", "Practica Final\Practica Final.csproj", "{A2526879-A635-4D37-9018-4F3B261DE563}"
EndProject
Global
	GlobalSection(SolutionConfigurationPlatforms) = preSolution
		Debug|Any CPU = Debug|Any CPU
		Release|Any CPU = Release|Any CPU
	EndGlobalSection
	GlobalSection(ProjectConfigurationPlatforms) = postSolution
		{A2526879-A635-4D37-9018-4F3B261DE563}.Debug|Any CPU.ActiveCfg = Debug|Any CPU
		{A2526879-A635-4D37-9018-4F3B261DE563}.Debug|Any CPU.Build.0 = Debug|Any CPU
		{A2526879-A635-4D37-9018-4F3B261DE563}.Release|Any CPU.ActiveCfg = Release|Any CPU
		{A2526879-A635-4D37-9018-4F3B261DE563}.Release|Any CPU.Build.0 = Release|Any CPU
	EndGlobalSection
	GlobalSection(SolutionProperties) = preSolution
		HideSolutionNode = FALSE
	EndGlobalSection
	GlobalSection(ExtensibilityGlobals) = postSolution
		SolutionGuid = {50719ED1-27E8-41F4-ABCA-3A0C44614D5D}
	EndGlobalSection
EndGlobal
